// !$*UTF8*$!
{
	archiveVersion = 1;
	classes = {
	};
	objectVersion = 50;
	objects = {

/* Begin PBXBuildFile section */
		5488408DAA54E5B7BC70172C /* Pods_Watpago.framework in Frameworks */ = {isa = PBXBuildFile; fileRef = 976B23AC47B80A1B61D8D090 /* Pods_Watpago.framework */; };
		5F0D2AE037940003E64479B7 /* Pods_Watpago_WatchKit_Extension.framework in Frameworks */ = {isa = PBXBuildFile; fileRef = D4DACC680A068D56A8837EAC /* Pods_Watpago_WatchKit_Extension.framework */; };
		6204BE9426AAB5DF0092F099 /* ApiCaller.swift in Sources */ = {isa = PBXBuildFile; fileRef = 6204BE9226AAB3FA0092F099 /* ApiCaller.swift */; };
		6215B2BC26AFD47900B5DB5E /* defaultLanguages.swift in Sources */ = {isa = PBXBuildFile; fileRef = 6215B2BB26AFD47900B5DB5E /* defaultLanguages.swift */; };
		626DCA3726AD479200059965 /* Language.swift in Sources */ = {isa = PBXBuildFile; fileRef = 626DCA3626AD479200059965 /* Language.swift */; };
		626DCA3926AD48C800059965 /* Settings.swift in Sources */ = {isa = PBXBuildFile; fileRef = 626DCA3826AD48C800059965 /* Settings.swift */; };
		627B134926A9C6670029FEA3 /* 왓파고.app in Embed Watch Content */ = {isa = PBXBuildFile; fileRef = 627B134826A9C6670029FEA3 /* 왓파고.app */; settings = {ATTRIBUTES = (RemoveHeadersOnCopy, ); }; };
		627B134F26A9C6670029FEA3 /* Interface.storyboard in Resources */ = {isa = PBXBuildFile; fileRef = 627B134D26A9C6670029FEA3 /* Interface.storyboard */; };
		627B135826A9C6690029FEA3 /* Watpago WatchKit Extension.appex in Embed App Extensions */ = {isa = PBXBuildFile; fileRef = 627B135726A9C6690029FEA3 /* Watpago WatchKit Extension.appex */; settings = {ATTRIBUTES = (RemoveHeadersOnCopy, ); }; };
		627B135D26A9C6690029FEA3 /* AskPageController.swift in Sources */ = {isa = PBXBuildFile; fileRef = 627B135C26A9C6690029FEA3 /* AskPageController.swift */; };
		627B135F26A9C6690029FEA3 /* ExtensionDelegate.swift in Sources */ = {isa = PBXBuildFile; fileRef = 627B135E26A9C6690029FEA3 /* ExtensionDelegate.swift */; };
		627B136326A9C6690029FEA3 /* ComplicationController.swift in Sources */ = {isa = PBXBuildFile; fileRef = 627B136226A9C6690029FEA3 /* ComplicationController.swift */; };
		627B136526A9C6690029FEA3 /* Assets.xcassets in Resources */ = {isa = PBXBuildFile; fileRef = 627B136426A9C6690029FEA3 /* Assets.xcassets */; };
		627B137626A9CEEE0029FEA3 /* ResultPageController.swift in Sources */ = {isa = PBXBuildFile; fileRef = 627B137526A9CEEE0029FEA3 /* ResultPageController.swift */; };
		627B137926A9E2A70029FEA3 /* .swiftlint.yml in Resources */ = {isa = PBXBuildFile; fileRef = 627B137826A9E2A70029FEA3 /* .swiftlint.yml */; };
		629924C026AE7FF900EE5BA7 /* SettingPageController.swift in Sources */ = {isa = PBXBuildFile; fileRef = 629924BF26AE7FF900EE5BA7 /* SettingPageController.swift */; };
		9CEF1DFA08BE74EFD2D7ADD9 /* Pods_Watpago_WatchKit_App.framework in Frameworks */ = {isa = PBXBuildFile; fileRef = 7E965F74AF9CAABC385E9270 /* Pods_Watpago_WatchKit_App.framework */; };
		AD4701942702FD66007EFE9E /* Assets.xcassets in Resources */ = {isa = PBXBuildFile; fileRef = AD4701932702FD66007EFE9E /* Assets.xcassets */; };
		AD4701982702FF46007EFE9E /* Apiconfig.swift in Sources */ = {isa = PBXBuildFile; fileRef = AD4701972702FF46007EFE9E /* Apiconfig.swift */; };
/* End PBXBuildFile section */

/* Begin PBXContainerItemProxy section */
		627B134A26A9C6670029FEA3 /* PBXContainerItemProxy */ = {
			isa = PBXContainerItemProxy;
			containerPortal = 627B133E26A9C6670029FEA3 /* Project object */;
			proxyType = 1;
			remoteGlobalIDString = 627B134726A9C6670029FEA3;
			remoteInfo = "Watpago WatchKit App";
		};
		627B135926A9C6690029FEA3 /* PBXContainerItemProxy */ = {
			isa = PBXContainerItemProxy;
			containerPortal = 627B133E26A9C6670029FEA3 /* Project object */;
			proxyType = 1;
			remoteGlobalIDString = 627B135626A9C6690029FEA3;
			remoteInfo = "Watpago WatchKit Extension";
		};
/* End PBXContainerItemProxy section */

/* Begin PBXCopyFilesBuildPhase section */
		627B136D26A9C6690029FEA3 /* Embed App Extensions */ = {
			isa = PBXCopyFilesBuildPhase;
			buildActionMask = 2147483647;
			dstPath = "";
			dstSubfolderSpec = 13;
			files = (
				627B135826A9C6690029FEA3 /* Watpago WatchKit Extension.appex in Embed App Extensions */,
			);
			name = "Embed App Extensions";
			runOnlyForDeploymentPostprocessing = 0;
		};
		627B137126A9C6690029FEA3 /* Embed Watch Content */ = {
			isa = PBXCopyFilesBuildPhase;
			buildActionMask = 2147483647;
			dstPath = "$(CONTENTS_FOLDER_PATH)/Watch";
			dstSubfolderSpec = 16;
			files = (
				627B134926A9C6670029FEA3 /* 왓파고.app in Embed Watch Content */,
			);
			name = "Embed Watch Content";
			runOnlyForDeploymentPostprocessing = 0;
		};
/* End PBXCopyFilesBuildPhase section */

/* Begin PBXFileReference section */
		0BE9FC8F8B8845F480D07049 /* Pods-Watpago WatchKit Extension.release.xcconfig */ = {isa = PBXFileReference; includeInIndex = 1; lastKnownFileType = text.xcconfig; name = "Pods-Watpago WatchKit Extension.release.xcconfig"; path = "Target Support Files/Pods-Watpago WatchKit Extension/Pods-Watpago WatchKit Extension.release.xcconfig"; sourceTree = "<group>"; };
		553B1D2AE04E50910BF080FB /* Pods-Watpago WatchKit Extension.debug.xcconfig */ = {isa = PBXFileReference; includeInIndex = 1; lastKnownFileType = text.xcconfig; name = "Pods-Watpago WatchKit Extension.debug.xcconfig"; path = "Target Support Files/Pods-Watpago WatchKit Extension/Pods-Watpago WatchKit Extension.debug.xcconfig"; sourceTree = "<group>"; };
		6204BE9226AAB3FA0092F099 /* ApiCaller.swift */ = {isa = PBXFileReference; lastKnownFileType = sourcecode.swift; path = ApiCaller.swift; sourceTree = "<group>"; };
		6215B2BB26AFD47900B5DB5E /* defaultLanguages.swift */ = {isa = PBXFileReference; lastKnownFileType = sourcecode.swift; path = defaultLanguages.swift; sourceTree = "<group>"; };
		626DCA3626AD479200059965 /* Language.swift */ = {isa = PBXFileReference; lastKnownFileType = sourcecode.swift; path = Language.swift; sourceTree = "<group>"; };
		626DCA3826AD48C800059965 /* Settings.swift */ = {isa = PBXFileReference; lastKnownFileType = sourcecode.swift; path = Settings.swift; sourceTree = "<group>"; };
		627B134426A9C6670029FEA3 /* Watpago.app */ = {isa = PBXFileReference; explicitFileType = wrapper.application; includeInIndex = 0; path = Watpago.app; sourceTree = BUILT_PRODUCTS_DIR; };
		627B134826A9C6670029FEA3 /* 왓파고.app */ = {isa = PBXFileReference; explicitFileType = wrapper.application; includeInIndex = 0; path = "왓파고.app"; sourceTree = BUILT_PRODUCTS_DIR; };
		627B134E26A9C6670029FEA3 /* Base */ = {isa = PBXFileReference; lastKnownFileType = file.storyboard; name = Base; path = Base.lproj/Interface.storyboard; sourceTree = "<group>"; };
		627B135226A9C6680029FEA3 /* Info.plist */ = {isa = PBXFileReference; lastKnownFileType = text.plist.xml; path = Info.plist; sourceTree = "<group>"; };
		627B135726A9C6690029FEA3 /* Watpago WatchKit Extension.appex */ = {isa = PBXFileReference; explicitFileType = "wrapper.app-extension"; includeInIndex = 0; path = "Watpago WatchKit Extension.appex"; sourceTree = BUILT_PRODUCTS_DIR; };
		627B135C26A9C6690029FEA3 /* AskPageController.swift */ = {isa = PBXFileReference; lastKnownFileType = sourcecode.swift; path = AskPageController.swift; sourceTree = "<group>"; };
		627B135E26A9C6690029FEA3 /* ExtensionDelegate.swift */ = {isa = PBXFileReference; lastKnownFileType = sourcecode.swift; path = ExtensionDelegate.swift; sourceTree = "<group>"; };
		627B136226A9C6690029FEA3 /* ComplicationController.swift */ = {isa = PBXFileReference; lastKnownFileType = sourcecode.swift; path = ComplicationController.swift; sourceTree = "<group>"; };
		627B136426A9C6690029FEA3 /* Assets.xcassets */ = {isa = PBXFileReference; lastKnownFileType = folder.assetcatalog; path = Assets.xcassets; sourceTree = "<group>"; };
		627B136626A9C6690029FEA3 /* Info.plist */ = {isa = PBXFileReference; lastKnownFileType = text.plist.xml; path = Info.plist; sourceTree = "<group>"; };
		627B137526A9CEEE0029FEA3 /* ResultPageController.swift */ = {isa = PBXFileReference; lastKnownFileType = sourcecode.swift; path = ResultPageController.swift; sourceTree = "<group>"; };
		627B137826A9E2A70029FEA3 /* .swiftlint.yml */ = {isa = PBXFileReference; lastKnownFileType = text.yaml; path = .swiftlint.yml; sourceTree = "<group>"; };
		629924BF26AE7FF900EE5BA7 /* SettingPageController.swift */ = {isa = PBXFileReference; lastKnownFileType = sourcecode.swift; path = SettingPageController.swift; sourceTree = "<group>"; };
		7E965F74AF9CAABC385E9270 /* Pods_Watpago_WatchKit_App.framework */ = {isa = PBXFileReference; explicitFileType = wrapper.framework; includeInIndex = 0; path = Pods_Watpago_WatchKit_App.framework; sourceTree = BUILT_PRODUCTS_DIR; };
		976B23AC47B80A1B61D8D090 /* Pods_Watpago.framework */ = {isa = PBXFileReference; explicitFileType = wrapper.framework; includeInIndex = 0; path = Pods_Watpago.framework; sourceTree = BUILT_PRODUCTS_DIR; };
		AD4701932702FD66007EFE9E /* Assets.xcassets */ = {isa = PBXFileReference; lastKnownFileType = folder.assetcatalog; path = Assets.xcassets; sourceTree = "<group>"; };
		AD4701972702FF46007EFE9E /* Apiconfig.swift */ = {isa = PBXFileReference; lastKnownFileType = sourcecode.swift; path = Apiconfig.swift; sourceTree = "<group>"; };
		B7B462FC0C5FF28DE7863B62 /* Pods-Watpago WatchKit App.debug.xcconfig */ = {isa = PBXFileReference; includeInIndex = 1; lastKnownFileType = text.xcconfig; name = "Pods-Watpago WatchKit App.debug.xcconfig"; path = "Target Support Files/Pods-Watpago WatchKit App/Pods-Watpago WatchKit App.debug.xcconfig"; sourceTree = "<group>"; };
		D4DACC680A068D56A8837EAC /* Pods_Watpago_WatchKit_Extension.framework */ = {isa = PBXFileReference; explicitFileType = wrapper.framework; includeInIndex = 0; path = Pods_Watpago_WatchKit_Extension.framework; sourceTree = BUILT_PRODUCTS_DIR; };
		D67726E4189FA300FAE38610 /* Pods-Watpago.debug.xcconfig */ = {isa = PBXFileReference; includeInIndex = 1; lastKnownFileType = text.xcconfig; name = "Pods-Watpago.debug.xcconfig"; path = "Target Support Files/Pods-Watpago/Pods-Watpago.debug.xcconfig"; sourceTree = "<group>"; };
		D87F4F39EFFE7D126D7D9B44 /* Pods-Watpago WatchKit App.release.xcconfig */ = {isa = PBXFileReference; includeInIndex = 1; lastKnownFileType = text.xcconfig; name = "Pods-Watpago WatchKit App.release.xcconfig"; path = "Target Support Files/Pods-Watpago WatchKit App/Pods-Watpago WatchKit App.release.xcconfig"; sourceTree = "<group>"; };
		E16FBD33072F47C1D9F75695 /* Pods-Watpago.release.xcconfig */ = {isa = PBXFileReference; includeInIndex = 1; lastKnownFileType = text.xcconfig; name = "Pods-Watpago.release.xcconfig"; path = "Target Support Files/Pods-Watpago/Pods-Watpago.release.xcconfig"; sourceTree = "<group>"; };
/* End PBXFileReference section */

/* Begin PBXFrameworksBuildPhase section */
		627B135426A9C6690029FEA3 /* Frameworks */ = {
			isa = PBXFrameworksBuildPhase;
			buildActionMask = 2147483647;
			files = (
				5F0D2AE037940003E64479B7 /* Pods_Watpago_WatchKit_Extension.framework in Frameworks */,
			);
			runOnlyForDeploymentPostprocessing = 0;
		};
		6FD90864160CF2AB26DEA20C /* Frameworks */ = {
			isa = PBXFrameworksBuildPhase;
			buildActionMask = 2147483647;
			files = (
				5488408DAA54E5B7BC70172C /* Pods_Watpago.framework in Frameworks */,
			);
			runOnlyForDeploymentPostprocessing = 0;
		};
		CBD77F893D3BD71A705A019A /* Frameworks */ = {
			isa = PBXFrameworksBuildPhase;
			buildActionMask = 2147483647;
			files = (
				9CEF1DFA08BE74EFD2D7ADD9 /* Pods_Watpago_WatchKit_App.framework in Frameworks */,
			);
			runOnlyForDeploymentPostprocessing = 0;
		};
/* End PBXFrameworksBuildPhase section */

/* Begin PBXGroup section */
		1E3F7975F98D605EBFF18FC5 /* Pods */ = {
			isa = PBXGroup;
			children = (
				D67726E4189FA300FAE38610 /* Pods-Watpago.debug.xcconfig */,
				E16FBD33072F47C1D9F75695 /* Pods-Watpago.release.xcconfig */,
				B7B462FC0C5FF28DE7863B62 /* Pods-Watpago WatchKit App.debug.xcconfig */,
				D87F4F39EFFE7D126D7D9B44 /* Pods-Watpago WatchKit App.release.xcconfig */,
				553B1D2AE04E50910BF080FB /* Pods-Watpago WatchKit Extension.debug.xcconfig */,
				0BE9FC8F8B8845F480D07049 /* Pods-Watpago WatchKit Extension.release.xcconfig */,
			);
			path = Pods;
			sourceTree = "<group>";
		};
		627B133D26A9C6670029FEA3 = {
			isa = PBXGroup;
			children = (
				627B137826A9E2A70029FEA3 /* .swiftlint.yml */,
				627B134C26A9C6670029FEA3 /* Watpago WatchKit App */,
				627B135B26A9C6690029FEA3 /* Watpago WatchKit Extension */,
				627B134526A9C6670029FEA3 /* Products */,
				1E3F7975F98D605EBFF18FC5 /* Pods */,
				A283AA2AAF8AEBE1E2693392 /* Frameworks */,
			);
			sourceTree = "<group>";
		};
		627B134526A9C6670029FEA3 /* Products */ = {
			isa = PBXGroup;
			children = (
				627B134426A9C6670029FEA3 /* Watpago.app */,
				627B134826A9C6670029FEA3 /* 왓파고.app */,
				627B135726A9C6690029FEA3 /* Watpago WatchKit Extension.appex */,
			);
			name = Products;
			sourceTree = "<group>";
		};
		627B134C26A9C6670029FEA3 /* Watpago WatchKit App */ = {
			isa = PBXGroup;
			children = (
				627B134D26A9C6670029FEA3 /* Interface.storyboard */,
				627B135226A9C6680029FEA3 /* Info.plist */,
				AD4701932702FD66007EFE9E /* Assets.xcassets */,
			);
			path = "Watpago WatchKit App";
			sourceTree = "<group>";
		};
		627B135B26A9C6690029FEA3 /* Watpago WatchKit Extension */ = {
			isa = PBXGroup;
			children = (
				62AFFEE426AAF80C00800717 /* View */,
				62AFFEE326AAF7FE00800717 /* Model */,
				627B135E26A9C6690029FEA3 /* ExtensionDelegate.swift */,
				627B136226A9C6690029FEA3 /* ComplicationController.swift */,
				627B136426A9C6690029FEA3 /* Assets.xcassets */,
				627B136626A9C6690029FEA3 /* Info.plist */,
			);
			path = "Watpago WatchKit Extension";
			sourceTree = "<group>";
		};
		62AFFEE326AAF7FE00800717 /* Model */ = {
			isa = PBXGroup;
			children = (
				6204BE9226AAB3FA0092F099 /* ApiCaller.swift */,
				626DCA3626AD479200059965 /* Language.swift */,
				626DCA3826AD48C800059965 /* Settings.swift */,
				6215B2BB26AFD47900B5DB5E /* defaultLanguages.swift */,
				AD4701972702FF46007EFE9E /* Apiconfig.swift */,
			);
			path = Model;
			sourceTree = "<group>";
		};
		62AFFEE426AAF80C00800717 /* View */ = {
			isa = PBXGroup;
			children = (
				627B135C26A9C6690029FEA3 /* AskPageController.swift */,
				627B137526A9CEEE0029FEA3 /* ResultPageController.swift */,
				629924BF26AE7FF900EE5BA7 /* SettingPageController.swift */,
			);
			path = View;
			sourceTree = "<group>";
		};
		A283AA2AAF8AEBE1E2693392 /* Frameworks */ = {
			isa = PBXGroup;
			children = (
				976B23AC47B80A1B61D8D090 /* Pods_Watpago.framework */,
				7E965F74AF9CAABC385E9270 /* Pods_Watpago_WatchKit_App.framework */,
				D4DACC680A068D56A8837EAC /* Pods_Watpago_WatchKit_Extension.framework */,
			);
			name = Frameworks;
			sourceTree = "<group>";
		};
/* End PBXGroup section */

/* Begin PBXNativeTarget section */
		627B134326A9C6670029FEA3 /* Watpago */ = {
			isa = PBXNativeTarget;
			buildConfigurationList = 627B137226A9C6690029FEA3 /* Build configuration list for PBXNativeTarget "Watpago" */;
			buildPhases = (
				1B4A843FB3B3D486E9EE6D33 /* [CP] Check Pods Manifest.lock */,
				627B134226A9C6670029FEA3 /* Resources */,
				627B137126A9C6690029FEA3 /* Embed Watch Content */,
				6FD90864160CF2AB26DEA20C /* Frameworks */,
				627B137726A9E27D0029FEA3 /* ShellScript */,
			);
			buildRules = (
			);
			dependencies = (
				627B134B26A9C6670029FEA3 /* PBXTargetDependency */,
			);
			name = Watpago;
			productName = Watpago;
			productReference = 627B134426A9C6670029FEA3 /* Watpago.app */;
			productType = "com.apple.product-type.application.watchapp2-container";
		};
		627B134726A9C6670029FEA3 /* Watpago WatchKit App */ = {
			isa = PBXNativeTarget;
			buildConfigurationList = 627B136E26A9C6690029FEA3 /* Build configuration list for PBXNativeTarget "Watpago WatchKit App" */;
			buildPhases = (
				8D844FD5BEC12D92843417CB /* [CP] Check Pods Manifest.lock */,
				627B134626A9C6670029FEA3 /* Resources */,
				627B136D26A9C6690029FEA3 /* Embed App Extensions */,
				CBD77F893D3BD71A705A019A /* Frameworks */,
				AD47019A270306A2007EFE9E /* ShellScript */,
			);
			buildRules = (
			);
			dependencies = (
				627B135A26A9C6690029FEA3 /* PBXTargetDependency */,
			);
			name = "Watpago WatchKit App";
			productName = "Watpago WatchKit App";
			productReference = 627B134826A9C6670029FEA3 /* 왓파고.app */;
			productType = "com.apple.product-type.application.watchapp2";
		};
		627B135626A9C6690029FEA3 /* Watpago WatchKit Extension */ = {
			isa = PBXNativeTarget;
			buildConfigurationList = 627B136A26A9C6690029FEA3 /* Build configuration list for PBXNativeTarget "Watpago WatchKit Extension" */;
			buildPhases = (
				2250CEAE8E5CA0C1CD082C5E /* [CP] Check Pods Manifest.lock */,
				627B135326A9C6690029FEA3 /* Sources */,
				627B135426A9C6690029FEA3 /* Frameworks */,
				627B135526A9C6690029FEA3 /* Resources */,
			);
			buildRules = (
			);
			dependencies = (
			);
			name = "Watpago WatchKit Extension";
			productName = "Watpago WatchKit Extension";
			productReference = 627B135726A9C6690029FEA3 /* Watpago WatchKit Extension.appex */;
			productType = "com.apple.product-type.watchkit2-extension";
		};
/* End PBXNativeTarget section */

/* Begin PBXProject section */
		627B133E26A9C6670029FEA3 /* Project object */ = {
			isa = PBXProject;
			attributes = {
				LastSwiftUpdateCheck = 1250;
				LastUpgradeCheck = 1250;
				TargetAttributes = {
					627B134326A9C6670029FEA3 = {
						CreatedOnToolsVersion = 12.5.1;
					};
					627B134726A9C6670029FEA3 = {
						CreatedOnToolsVersion = 12.5.1;
					};
					627B135626A9C6690029FEA3 = {
						CreatedOnToolsVersion = 12.5.1;
					};
				};
			};
			buildConfigurationList = 627B134126A9C6670029FEA3 /* Build configuration list for PBXProject "Watpago" */;
			compatibilityVersion = "Xcode 9.3";
			developmentRegion = en;
			hasScannedForEncodings = 0;
			knownRegions = (
				en,
				Base,
			);
			mainGroup = 627B133D26A9C6670029FEA3;
			productRefGroup = 627B134526A9C6670029FEA3 /* Products */;
			projectDirPath = "";
			projectRoot = "";
			targets = (
				627B134326A9C6670029FEA3 /* Watpago */,
				627B134726A9C6670029FEA3 /* Watpago WatchKit App */,
				627B135626A9C6690029FEA3 /* Watpago WatchKit Extension */,
			);
		};
/* End PBXProject section */

/* Begin PBXResourcesBuildPhase section */
		627B134226A9C6670029FEA3 /* Resources */ = {
			isa = PBXResourcesBuildPhase;
			buildActionMask = 2147483647;
			files = (
				627B137926A9E2A70029FEA3 /* .swiftlint.yml in Resources */,
			);
			runOnlyForDeploymentPostprocessing = 0;
		};
		627B134626A9C6670029FEA3 /* Resources */ = {
			isa = PBXResourcesBuildPhase;
			buildActionMask = 2147483647;
			files = (
				AD4701942702FD66007EFE9E /* Assets.xcassets in Resources */,
				627B134F26A9C6670029FEA3 /* Interface.storyboard in Resources */,
			);
			runOnlyForDeploymentPostprocessing = 0;
		};
		627B135526A9C6690029FEA3 /* Resources */ = {
			isa = PBXResourcesBuildPhase;
			buildActionMask = 2147483647;
			files = (
				627B136526A9C6690029FEA3 /* Assets.xcassets in Resources */,
			);
			runOnlyForDeploymentPostprocessing = 0;
		};
/* End PBXResourcesBuildPhase section */

/* Begin PBXShellScriptBuildPhase section */
		1B4A843FB3B3D486E9EE6D33 /* [CP] Check Pods Manifest.lock */ = {
			isa = PBXShellScriptBuildPhase;
			buildActionMask = 2147483647;
			files = (
			);
			inputFileListPaths = (
			);
			inputPaths = (
				"${PODS_PODFILE_DIR_PATH}/Podfile.lock",
				"${PODS_ROOT}/Manifest.lock",
			);
			name = "[CP] Check Pods Manifest.lock";
			outputFileListPaths = (
			);
			outputPaths = (
				"$(DERIVED_FILE_DIR)/Pods-Watpago-checkManifestLockResult.txt",
			);
			runOnlyForDeploymentPostprocessing = 0;
			shellPath = /bin/sh;
			shellScript = "diff \"${PODS_PODFILE_DIR_PATH}/Podfile.lock\" \"${PODS_ROOT}/Manifest.lock\" > /dev/null\nif [ $? != 0 ] ; then\n    # print error to STDERR\n    echo \"error: The sandbox is not in sync with the Podfile.lock. Run 'pod install' or update your CocoaPods installation.\" >&2\n    exit 1\nfi\n# This output is used by Xcode 'outputs' to avoid re-running this script phase.\necho \"SUCCESS\" > \"${SCRIPT_OUTPUT_FILE_0}\"\n";
			showEnvVarsInLog = 0;
		};
		2250CEAE8E5CA0C1CD082C5E /* [CP] Check Pods Manifest.lock */ = {
			isa = PBXShellScriptBuildPhase;
			buildActionMask = 2147483647;
			files = (
			);
			inputFileListPaths = (
			);
			inputPaths = (
				"${PODS_PODFILE_DIR_PATH}/Podfile.lock",
				"${PODS_ROOT}/Manifest.lock",
			);
			name = "[CP] Check Pods Manifest.lock";
			outputFileListPaths = (
			);
			outputPaths = (
				"$(DERIVED_FILE_DIR)/Pods-Watpago WatchKit Extension-checkManifestLockResult.txt",
			);
			runOnlyForDeploymentPostprocessing = 0;
			shellPath = /bin/sh;
			shellScript = "diff \"${PODS_PODFILE_DIR_PATH}/Podfile.lock\" \"${PODS_ROOT}/Manifest.lock\" > /dev/null\nif [ $? != 0 ] ; then\n    # print error to STDERR\n    echo \"error: The sandbox is not in sync with the Podfile.lock. Run 'pod install' or update your CocoaPods installation.\" >&2\n    exit 1\nfi\n# This output is used by Xcode 'outputs' to avoid re-running this script phase.\necho \"SUCCESS\" > \"${SCRIPT_OUTPUT_FILE_0}\"\n";
			showEnvVarsInLog = 0;
		};
		627B137726A9E27D0029FEA3 /* ShellScript */ = {
			isa = PBXShellScriptBuildPhase;
			buildActionMask = 2147483647;
			files = (
			);
			inputFileListPaths = (
			);
			inputPaths = (
			);
			outputFileListPaths = (
			);
			outputPaths = (
			);
			runOnlyForDeploymentPostprocessing = 0;
			shellPath = /bin/sh;
			shellScript = "# Type a script or drag a script file from your workspace to insert its path.\n${PODS_ROOT}/SwiftLint/swiftlint autocorrect\n";
		};
		8D844FD5BEC12D92843417CB /* [CP] Check Pods Manifest.lock */ = {
			isa = PBXShellScriptBuildPhase;
			buildActionMask = 2147483647;
			files = (
			);
			inputFileListPaths = (
			);
			inputPaths = (
				"${PODS_PODFILE_DIR_PATH}/Podfile.lock",
				"${PODS_ROOT}/Manifest.lock",
			);
			name = "[CP] Check Pods Manifest.lock";
			outputFileListPaths = (
			);
			outputPaths = (
				"$(DERIVED_FILE_DIR)/Pods-Watpago WatchKit App-checkManifestLockResult.txt",
			);
			runOnlyForDeploymentPostprocessing = 0;
			shellPath = /bin/sh;
			shellScript = "diff \"${PODS_PODFILE_DIR_PATH}/Podfile.lock\" \"${PODS_ROOT}/Manifest.lock\" > /dev/null\nif [ $? != 0 ] ; then\n    # print error to STDERR\n    echo \"error: The sandbox is not in sync with the Podfile.lock. Run 'pod install' or update your CocoaPods installation.\" >&2\n    exit 1\nfi\n# This output is used by Xcode 'outputs' to avoid re-running this script phase.\necho \"SUCCESS\" > \"${SCRIPT_OUTPUT_FILE_0}\"\n";
			showEnvVarsInLog = 0;
		};
		AD47019A270306A2007EFE9E /* ShellScript */ = {
			isa = PBXShellScriptBuildPhase;
			buildActionMask = 2147483647;
			files = (
			);
			inputFileListPaths = (
			);
			inputPaths = (
			);
			outputFileListPaths = (
			);
			outputPaths = (
			);
			runOnlyForDeploymentPostprocessing = 0;
			shellPath = /bin/sh;
			shellScript = "# Type a script or drag a script file from your workspace to insert its path.\n${PODS_ROOT}/SwiftLint/swiftlint autocorrect\n";
		};
/* End PBXShellScriptBuildPhase section */

/* Begin PBXSourcesBuildPhase section */
		627B135326A9C6690029FEA3 /* Sources */ = {
			isa = PBXSourcesBuildPhase;
			buildActionMask = 2147483647;
			files = (
				629924C026AE7FF900EE5BA7 /* SettingPageController.swift in Sources */,
				6204BE9426AAB5DF0092F099 /* ApiCaller.swift in Sources */,
				626DCA3926AD48C800059965 /* Settings.swift in Sources */,
				627B136326A9C6690029FEA3 /* ComplicationController.swift in Sources */,
				626DCA3726AD479200059965 /* Language.swift in Sources */,
				627B135F26A9C6690029FEA3 /* ExtensionDelegate.swift in Sources */,
				6215B2BC26AFD47900B5DB5E /* defaultLanguages.swift in Sources */,
				627B137626A9CEEE0029FEA3 /* ResultPageController.swift in Sources */,
				AD4701982702FF46007EFE9E /* Apiconfig.swift in Sources */,
				627B135D26A9C6690029FEA3 /* AskPageController.swift in Sources */,
			);
			runOnlyForDeploymentPostprocessing = 0;
		};
/* End PBXSourcesBuildPhase section */

/* Begin PBXTargetDependency section */
		627B134B26A9C6670029FEA3 /* PBXTargetDependency */ = {
			isa = PBXTargetDependency;
			target = 627B134726A9C6670029FEA3 /* Watpago WatchKit App */;
			targetProxy = 627B134A26A9C6670029FEA3 /* PBXContainerItemProxy */;
		};
		627B135A26A9C6690029FEA3 /* PBXTargetDependency */ = {
			isa = PBXTargetDependency;
			target = 627B135626A9C6690029FEA3 /* Watpago WatchKit Extension */;
			targetProxy = 627B135926A9C6690029FEA3 /* PBXContainerItemProxy */;
		};
/* End PBXTargetDependency section */

/* Begin PBXVariantGroup section */
		627B134D26A9C6670029FEA3 /* Interface.storyboard */ = {
			isa = PBXVariantGroup;
			children = (
				627B134E26A9C6670029FEA3 /* Base */,
			);
			name = Interface.storyboard;
			sourceTree = "<group>";
		};
/* End PBXVariantGroup section */

/* Begin XCBuildConfiguration section */
		627B136826A9C6690029FEA3 /* Debug */ = {
			isa = XCBuildConfiguration;
			buildSettings = {
				ALWAYS_SEARCH_USER_PATHS = NO;
				CLANG_ANALYZER_NONNULL = YES;
				CLANG_ANALYZER_NUMBER_OBJECT_CONVERSION = YES_AGGRESSIVE;
				CLANG_CXX_LANGUAGE_STANDARD = "gnu++14";
				CLANG_CXX_LIBRARY = "libc++";
				CLANG_ENABLE_MODULES = YES;
				CLANG_ENABLE_OBJC_ARC = YES;
				CLANG_ENABLE_OBJC_WEAK = YES;
				CLANG_WARN_BLOCK_CAPTURE_AUTORELEASING = YES;
				CLANG_WARN_BOOL_CONVERSION = YES;
				CLANG_WARN_COMMA = YES;
				CLANG_WARN_CONSTANT_CONVERSION = YES;
				CLANG_WARN_DEPRECATED_OBJC_IMPLEMENTATIONS = YES;
				CLANG_WARN_DIRECT_OBJC_ISA_USAGE = YES_ERROR;
				CLANG_WARN_DOCUMENTATION_COMMENTS = YES;
				CLANG_WARN_EMPTY_BODY = YES;
				CLANG_WARN_ENUM_CONVERSION = YES;
				CLANG_WARN_INFINITE_RECURSION = YES;
				CLANG_WARN_INT_CONVERSION = YES;
				CLANG_WARN_NON_LITERAL_NULL_CONVERSION = YES;
				CLANG_WARN_OBJC_IMPLICIT_RETAIN_SELF = YES;
				CLANG_WARN_OBJC_LITERAL_CONVERSION = YES;
				CLANG_WARN_OBJC_ROOT_CLASS = YES_ERROR;
				CLANG_WARN_QUOTED_INCLUDE_IN_FRAMEWORK_HEADER = YES;
				CLANG_WARN_RANGE_LOOP_ANALYSIS = YES;
				CLANG_WARN_STRICT_PROTOTYPES = YES;
				CLANG_WARN_SUSPICIOUS_MOVE = YES;
				CLANG_WARN_UNGUARDED_AVAILABILITY = YES_AGGRESSIVE;
				CLANG_WARN_UNREACHABLE_CODE = YES;
				CLANG_WARN__DUPLICATE_METHOD_MATCH = YES;
				COPY_PHASE_STRIP = NO;
				DEBUG_INFORMATION_FORMAT = dwarf;
				ENABLE_STRICT_OBJC_MSGSEND = YES;
				ENABLE_TESTABILITY = YES;
				GCC_C_LANGUAGE_STANDARD = gnu11;
				GCC_DYNAMIC_NO_PIC = NO;
				GCC_NO_COMMON_BLOCKS = YES;
				GCC_OPTIMIZATION_LEVEL = 0;
				GCC_PREPROCESSOR_DEFINITIONS = (
					"DEBUG=1",
					"$(inherited)",
				);
				GCC_WARN_64_TO_32_BIT_CONVERSION = YES;
				GCC_WARN_ABOUT_RETURN_TYPE = YES_ERROR;
				GCC_WARN_UNDECLARED_SELECTOR = YES;
				GCC_WARN_UNINITIALIZED_AUTOS = YES_AGGRESSIVE;
				GCC_WARN_UNUSED_FUNCTION = YES;
				GCC_WARN_UNUSED_VARIABLE = YES;
				MTL_ENABLE_DEBUG_INFO = INCLUDE_SOURCE;
				MTL_FAST_MATH = YES;
				ONLY_ACTIVE_ARCH = YES;
				SDKROOT = iphoneos;
				SWIFT_ACTIVE_COMPILATION_CONDITIONS = DEBUG;
				SWIFT_OPTIMIZATION_LEVEL = "-Onone";
			};
			name = Debug;
		};
		627B136926A9C6690029FEA3 /* Release */ = {
			isa = XCBuildConfiguration;
			buildSettings = {
				ALWAYS_SEARCH_USER_PATHS = NO;
				CLANG_ANALYZER_NONNULL = YES;
				CLANG_ANALYZER_NUMBER_OBJECT_CONVERSION = YES_AGGRESSIVE;
				CLANG_CXX_LANGUAGE_STANDARD = "gnu++14";
				CLANG_CXX_LIBRARY = "libc++";
				CLANG_ENABLE_MODULES = YES;
				CLANG_ENABLE_OBJC_ARC = YES;
				CLANG_ENABLE_OBJC_WEAK = YES;
				CLANG_WARN_BLOCK_CAPTURE_AUTORELEASING = YES;
				CLANG_WARN_BOOL_CONVERSION = YES;
				CLANG_WARN_COMMA = YES;
				CLANG_WARN_CONSTANT_CONVERSION = YES;
				CLANG_WARN_DEPRECATED_OBJC_IMPLEMENTATIONS = YES;
				CLANG_WARN_DIRECT_OBJC_ISA_USAGE = YES_ERROR;
				CLANG_WARN_DOCUMENTATION_COMMENTS = YES;
				CLANG_WARN_EMPTY_BODY = YES;
				CLANG_WARN_ENUM_CONVERSION = YES;
				CLANG_WARN_INFINITE_RECURSION = YES;
				CLANG_WARN_INT_CONVERSION = YES;
				CLANG_WARN_NON_LITERAL_NULL_CONVERSION = YES;
				CLANG_WARN_OBJC_IMPLICIT_RETAIN_SELF = YES;
				CLANG_WARN_OBJC_LITERAL_CONVERSION = YES;
				CLANG_WARN_OBJC_ROOT_CLASS = YES_ERROR;
				CLANG_WARN_QUOTED_INCLUDE_IN_FRAMEWORK_HEADER = YES;
				CLANG_WARN_RANGE_LOOP_ANALYSIS = YES;
				CLANG_WARN_STRICT_PROTOTYPES = YES;
				CLANG_WARN_SUSPICIOUS_MOVE = YES;
				CLANG_WARN_UNGUARDED_AVAILABILITY = YES_AGGRESSIVE;
				CLANG_WARN_UNREACHABLE_CODE = YES;
				CLANG_WARN__DUPLICATE_METHOD_MATCH = YES;
				COPY_PHASE_STRIP = NO;
				DEBUG_INFORMATION_FORMAT = "dwarf-with-dsym";
				ENABLE_NS_ASSERTIONS = NO;
				ENABLE_STRICT_OBJC_MSGSEND = YES;
				GCC_C_LANGUAGE_STANDARD = gnu11;
				GCC_NO_COMMON_BLOCKS = YES;
				GCC_WARN_64_TO_32_BIT_CONVERSION = YES;
				GCC_WARN_ABOUT_RETURN_TYPE = YES_ERROR;
				GCC_WARN_UNDECLARED_SELECTOR = YES;
				GCC_WARN_UNINITIALIZED_AUTOS = YES_AGGRESSIVE;
				GCC_WARN_UNUSED_FUNCTION = YES;
				GCC_WARN_UNUSED_VARIABLE = YES;
				MTL_ENABLE_DEBUG_INFO = NO;
				MTL_FAST_MATH = YES;
				SDKROOT = iphoneos;
				SWIFT_COMPILATION_MODE = wholemodule;
				SWIFT_OPTIMIZATION_LEVEL = "-O";
				VALIDATE_PRODUCT = YES;
			};
			name = Release;
		};
		627B136B26A9C6690029FEA3 /* Debug */ = {
			isa = XCBuildConfiguration;
			baseConfigurationReference = 553B1D2AE04E50910BF080FB /* Pods-Watpago WatchKit Extension.debug.xcconfig */;
			buildSettings = {
				ASSETCATALOG_COMPILER_COMPLICATION_NAME = Complication;
				CODE_SIGN_STYLE = Automatic;
				DEVELOPMENT_TEAM = T7M9F527TU;
				INFOPLIST_FILE = "Watpago WatchKit Extension/Info.plist";
				LD_RUNPATH_SEARCH_PATHS = (
					"$(inherited)",
					"@executable_path/Frameworks",
					"@executable_path/../../Frameworks",
				);
				PRODUCT_BUNDLE_IDENTIFIER = com.study.ios.Watpago.watchkitapp.watchkitextension;
				PRODUCT_NAME = "${TARGET_NAME}";
				SDKROOT = watchos;
				SKIP_INSTALL = YES;
				SWIFT_VERSION = 5.0;
				TARGETED_DEVICE_FAMILY = 4;
				WATCHOS_DEPLOYMENT_TARGET = 7.4;
			};
			name = Debug;
		};
		627B136C26A9C6690029FEA3 /* Release */ = {
			isa = XCBuildConfiguration;
			baseConfigurationReference = 0BE9FC8F8B8845F480D07049 /* Pods-Watpago WatchKit Extension.release.xcconfig */;
			buildSettings = {
				ASSETCATALOG_COMPILER_COMPLICATION_NAME = Complication;
				CODE_SIGN_STYLE = Automatic;
				DEVELOPMENT_TEAM = T7M9F527TU;
				INFOPLIST_FILE = "Watpago WatchKit Extension/Info.plist";
				LD_RUNPATH_SEARCH_PATHS = (
					"$(inherited)",
					"@executable_path/Frameworks",
					"@executable_path/../../Frameworks",
				);
				PRODUCT_BUNDLE_IDENTIFIER = com.study.ios.Watpago.watchkitapp.watchkitextension;
				PRODUCT_NAME = "${TARGET_NAME}";
				SDKROOT = watchos;
				SKIP_INSTALL = YES;
				SWIFT_VERSION = 5.0;
				TARGETED_DEVICE_FAMILY = 4;
				WATCHOS_DEPLOYMENT_TARGET = 7.4;
			};
			name = Release;
		};
		627B136F26A9C6690029FEA3 /* Debug */ = {
			isa = XCBuildConfiguration;
			baseConfigurationReference = B7B462FC0C5FF28DE7863B62 /* Pods-Watpago WatchKit App.debug.xcconfig */;
			buildSettings = {
				ALWAYS_EMBED_SWIFT_STANDARD_LIBRARIES = YES;
				ASSETCATALOG_COMPILER_APPICON_NAME = AppIcon;
				ASSETCATALOG_COMPILER_GLOBAL_ACCENT_COLOR_NAME = AccentColor;
				CODE_SIGN_STYLE = Automatic;
				DEVELOPMENT_TEAM = T7M9F527TU;
				IBSC_MODULE = Watpago_WatchKit_Extension;
				INFOPLIST_FILE = "Watpago WatchKit App/Info.plist";
				LINKER_DISPLAYS_MANGLED_NAMES = NO;
				PRODUCT_BUNDLE_IDENTIFIER = com.study.ios.Watpago.watchkitapp;
				PRODUCT_NAME = "왓파고";
				SDKROOT = watchos;
				SKIP_INSTALL = YES;
				SWIFT_VERSION = 5.0;
				TARGETED_DEVICE_FAMILY = 4;
				WATCHOS_DEPLOYMENT_TARGET = 7.4;
			};
			name = Debug;
		};
		627B137026A9C6690029FEA3 /* Release */ = {
			isa = XCBuildConfiguration;
			baseConfigurationReference = D87F4F39EFFE7D126D7D9B44 /* Pods-Watpago WatchKit App.release.xcconfig */;
			buildSettings = {
				ALWAYS_EMBED_SWIFT_STANDARD_LIBRARIES = YES;
				ASSETCATALOG_COMPILER_APPICON_NAME = AppIcon;
				ASSETCATALOG_COMPILER_GLOBAL_ACCENT_COLOR_NAME = AccentColor;
				CODE_SIGN_STYLE = Automatic;
				DEVELOPMENT_TEAM = T7M9F527TU;
				IBSC_MODULE = Watpago_WatchKit_Extension;
				INFOPLIST_FILE = "Watpago WatchKit App/Info.plist";
				LINKER_DISPLAYS_MANGLED_NAMES = NO;
				PRODUCT_BUNDLE_IDENTIFIER = com.study.ios.Watpago.watchkitapp;
				PRODUCT_NAME = "왓파고";
				SDKROOT = watchos;
				SKIP_INSTALL = YES;
				SWIFT_VERSION = 5.0;
				TARGETED_DEVICE_FAMILY = 4;
				WATCHOS_DEPLOYMENT_TARGET = 7.4;
			};
			name = Release;
		};
		627B137326A9C6690029FEA3 /* Debug */ = {
			isa = XCBuildConfiguration;
			baseConfigurationReference = D67726E4189FA300FAE38610 /* Pods-Watpago.debug.xcconfig */;
			buildSettings = {
				CODE_SIGN_STYLE = Automatic;
				CURRENT_PROJECT_VERSION = 1;
				DEVELOPMENT_TEAM = T7M9F527TU;
				MARKETING_VERSION = 1.0;
				PRODUCT_BUNDLE_IDENTIFIER = com.study.ios.Watpago;
				PRODUCT_NAME = "$(TARGET_NAME)";
				SWIFT_VERSION = 5.0;
			};
			name = Debug;
		};
		627B137426A9C6690029FEA3 /* Release */ = {
			isa = XCBuildConfiguration;
			baseConfigurationReference = E16FBD33072F47C1D9F75695 /* Pods-Watpago.release.xcconfig */;
			buildSettings = {
				CODE_SIGN_STYLE = Automatic;
				CURRENT_PROJECT_VERSION = 1;
				DEVELOPMENT_TEAM = T7M9F527TU;
				MARKETING_VERSION = 1.0;
				PRODUCT_BUNDLE_IDENTIFIER = com.study.ios.Watpago;
				PRODUCT_NAME = "$(TARGET_NAME)";
				SWIFT_VERSION = 5.0;
			};
			name = Release;
		};
/* End XCBuildConfiguration section */

/* Begin XCConfigurationList section */
		627B134126A9C6670029FEA3 /* Build configuration list for PBXProject "Watpago" */ = {
			isa = XCConfigurationList;
			buildConfigurations = (
				627B136826A9C6690029FEA3 /* Debug */,
				627B136926A9C6690029FEA3 /* Release */,
			);
			defaultConfigurationIsVisible = 0;
			defaultConfigurationName = Release;
		};
		627B136A26A9C6690029FEA3 /* Build configuration list for PBXNativeTarget "Watpago WatchKit Extension" */ = {
			isa = XCConfigurationList;
			buildConfigurations = (
				627B136B26A9C6690029FEA3 /* Debug */,
				627B136C26A9C6690029FEA3 /* Release */,
			);
			defaultConfigurationIsVisible = 0;
			defaultConfigurationName = Release;
		};
		627B136E26A9C6690029FEA3 /* Build configuration list for PBXNativeTarget "Watpago WatchKit App" */ = {
			isa = XCConfigurationList;
			buildConfigurations = (
				627B136F26A9C6690029FEA3 /* Debug */,
				627B137026A9C6690029FEA3 /* Release */,
			);
			defaultConfigurationIsVisible = 0;
			defaultConfigurationName = Release;
		};
		627B137226A9C6690029FEA3 /* Build configuration list for PBXNativeTarget "Watpago" */ = {
			isa = XCConfigurationList;
			buildConfigurations = (
				627B137326A9C6690029FEA3 /* Debug */,
				627B137426A9C6690029FEA3 /* Release */,
			);
			defaultConfigurationIsVisible = 0;
			defaultConfigurationName = Release;
		};
/* End XCConfigurationList section */
	};
	rootObject = 627B133E26A9C6670029FEA3 /* Project object */;
}
